github.com/go-sql-driver/mysql v1.7.0 h1:ueSltNNllEqE3qcWBTD0iQd3IpL/6U+mJxLkazJ7YPc=
github.com/go-sql-driver/mysql v1.7.0/go.mod h1:OXbVy3sEdcQ2Doequ6Z5BW6fXNQTmx+9S1MCJN5yJMI=
github.com/petermattis/goid v0.0.0-20220824145935-af5520614cb6 h1:CoZdAHg4WQNvhnyqCxKEDlRRnsvEafj0RPTF9KBGi58=
github.com/petermattis/goid v0.0.0-20220824145935-af5520614cb6/go.mod h1:pxMtw7cyUw6B2bRH0ZBANSPg+AoSud1I1iyJHI69jH4=
